{
  "name": "workspace",
  "lockfileVersion": 3,
  "requires": true,
  "packages": {
    "": {
      "dependencies": {
        "cn-fontsource-lxgw-wen-kai-gb-screen": "^1.0.6"
      }
    },
    "node_modules/cn-fontsource-lxgw-wen-kai-gb-screen": {
      "version": "1.0.6",
      "resolved": "https://registry.npmjs.org/cn-fontsource-lxgw-wen-kai-gb-screen/-/cn-fontsource-lxgw-wen-kai-gb-screen-1.0.6.tgz",
      "integrity": "sha512-NBHrehcM9K16bUHOERYyYAvVHfOz7bMbpBxU5Kh3/JAgP+XBlgVyTM/JYcF1Ji6Xk++rk33UvELcFmaUoJYvkA==",
      "license": "SIL Open Font License, Version 1.1"
    }
  }
}
